
Microsoft Visual Studio Solution File, Format Version 12.00
# Visual Studio Version 17
VisualStudioVersion = 17.11.35222.181
MinimumVisualStudioVersion = 10.0.40219.1
Project("{9A19103F-16F7-4668-BE54-9A1E7A4F7556}") = "granary", "granary\granary.csproj", "{7E034BDB-D9E1-41EE-A881-D3DF488D49BF}"
EndProject
Project("{9A19103F-16F7-4668-BE54-9A1E7A4F7556}") = "granary.Client", "granary.Client\granary.Client.csproj", "{C59B5F96-72E2-4858-8A67-EDE52EE369B8}"
EndProject
Global
	GlobalSection(SolutionConfigurationPlatforms) = preSolution
		Debug|Any CPU = Debug|Any CPU
		Release|Any CPU = Release|Any CPU
	EndGlobalSection
	GlobalSection(ProjectConfigurationPlatforms) = postSolution
		{7E034BDB-D9E1-41EE-A881-D3DF488D49BF}.Debug|Any CPU.ActiveCfg = Debug|Any CPU
		{7E034BDB-D9E1-41EE-A881-D3DF488D49BF}.Debug|Any CPU.Build.0 = Debug|Any CPU
		{7E034BDB-D9E1-41EE-A881-D3DF488D49BF}.Release|Any CPU.ActiveCfg = Release|Any CPU
		{7E034BDB-D9E1-41EE-A881-D3DF488D49BF}.Release|Any CPU.Build.0 = Release|Any CPU
		{C59B5F96-72E2-4858-8A67-EDE52EE369B8}.Debug|Any CPU.ActiveCfg = Debug|Any CPU
		{C59B5F96-72E2-4858-8A67-EDE52EE369B8}.Debug|Any CPU.Build.0 = Debug|Any CPU
		{C59B5F96-72E2-4858-8A67-EDE52EE369B8}.Release|Any CPU.ActiveCfg = Release|Any CPU
		{C59B5F96-72E2-4858-8A67-EDE52EE369B8}.Release|Any CPU.Build.0 = Release|Any CPU
	EndGlobalSection
	GlobalSection(SolutionProperties) = preSolution
		HideSolutionNode = FALSE
	EndGlobalSection
	GlobalSection(ExtensibilityGlobals) = postSolution
		SolutionGuid = {F1A14268-4ABC-4EEF-A08E-666E2E18EB50}
	EndGlobalSection
EndGlobal
